// !$*UTF8*$!
{
	archiveVersion = 1;
	classes = {
	};
	objectVersion = 48;
	objects = {

/* Begin PBXBuildFile section */
		DC7A5BFB1F91433200D3E73E /* playsoundsviewcontroller-audio.swift in Sources */ = {isa = PBXBuildFile; fileRef = DC7A5BFA1F91433200D3E73E /* playsoundsviewcontroller-audio.swift */; };
		DCA6C0101F8D97D90072CF71 /* PlaySoundsViewController.swift in Sources */ = {isa = PBXBuildFile; fileRef = DCA6C00F1F8D97D90072CF71 /* PlaySoundsViewController.swift */; };
		DCEB5D181F8981AE002B334A /* AppDelegate.swift in Sources */ = {isa = PBXBuildFile; fileRef = DCEB5D171F8981AE002B334A /* AppDelegate.swift */; };
		DCEB5D1A1F8981AE002B334A /* RecordSoundsViewController.swift in Sources */ = {isa = PBXBuildFile; fileRef = DCEB5D191F8981AE002B334A /* RecordSoundsViewController.swift */; };
		DCEB5D1D1F8981AE002B334A /* Main.storyboard in Resources */ = {isa = PBXBuildFile; fileRef = DCEB5D1B1F8981AE002B334A /* Main.storyboard */; };
		DCEB5D1F1F8981AE002B334A /* Assets.xcassets in Resources */ = {isa = PBXBuildFile; fileRef = DCEB5D1E1F8981AE002B334A /* Assets.xcassets */; };
		DCEB5D221F8981AE002B334A /* LaunchScreen.storyboard in Resources */ = {isa = PBXBuildFile; fileRef = DCEB5D201F8981AE002B334A /* LaunchScreen.storyboard */; };
/* End PBXBuildFile section */

/* Begin PBXFileReference section */
		DC7A5BFA1F91433200D3E73E /* playsoundsviewcontroller-audio.swift */ = {isa = PBXFileReference; lastKnownFileType = sourcecode.swift; name = "playsoundsviewcontroller-audio.swift"; path = "../../../../../../Downloads/playsoundsviewcontroller-audio.swift"; sourceTree = "<group>"; };
		DCA6C00F1F8D97D90072CF71 /* PlaySoundsViewController.swift */ = {isa = PBXFileReference; lastKnownFileType = sourcecode.swift; path = PlaySoundsViewController.swift; sourceTree = "<group>"; };
		DCEB5D141F8981AE002B334A /* PitchPerfect.app */ = {isa = PBXFileReference; explicitFileType = wrapper.application; includeInIndex = 0; path = PitchPerfect.app; sourceTree = BUILT_PRODUCTS_DIR; };
		DCEB5D171F8981AE002B334A /* AppDelegate.swift */ = {isa = PBXFileReference; lastKnownFileType = sourcecode.swift; path = AppDelegate.swift; sourceTree = "<group>"; };
		DCEB5D191F8981AE002B334A /* RecordSoundsViewController.swift */ = {isa = PBXFileReference; lastKnownFileType = sourcecode.swift; path = RecordSoundsViewController.swift; sourceTree = "<group>"; };
		DCEB5D1C1F8981AE002B334A /* Base */ = {isa = PBXFileReference; lastKnownFileType = file.storyboard; name = Base; path = Base.lproj/Main.storyboard; sourceTree = "<group>"; };
		DCEB5D1E1F8981AE002B334A /* Assets.xcassets */ = {isa = PBXFileReference; lastKnownFileType = folder.assetcatalog; path = Assets.xcassets; sourceTree = "<group>"; };
		DCEB5D211F8981AE002B334A /* Base */ = {isa = PBXFileReference; lastKnownFileType = file.storyboard; name = Base; path = Base.lproj/LaunchScreen.storyboard; sourceTree = "<group>"; };
		DCEB5D231F8981AE002B334A /* Info.plist */ = {isa = PBXFileReference; lastKnownFileType = text.plist.xml; path = Info.plist; sourceTree = "<group>"; };
/* End PBXFileReference section */

/* Begin PBXFrameworksBuildPhase section */
		DCEB5D111F8981AE002B334A /* Frameworks */ = {
			isa = PBXFrameworksBuildPhase;
			buildActionMask = 2147483647;
			files = (
			);
			runOnlyForDeploymentPostprocessing = 0;
		};
/* End PBXFrameworksBuildPhase section */

/* Begin PBXGroup section */
		DCEB5D0B1F8981AE002B334A = {
			isa = PBXGroup;
			children = (
				DCEB5D161F8981AE002B334A /* PitchPerfect */,
				DCEB5D151F8981AE002B334A /* Products */,
			);
			sourceTree = "<group>";
		};
		DCEB5D151F8981AE002B334A /* Products */ = {
			isa = PBXGroup;
			children = (
				DCEB5D141F8981AE002B334A /* PitchPerfect.app */,
			);
			name = Products;
			sourceTree = "<group>";
		};
		DCEB5D161F8981AE002B334A /* PitchPerfect */ = {
			isa = PBXGroup;
			children = (
				DCEB5D171F8981AE002B334A /* AppDelegate.swift */,
				DCEB5D191F8981AE002B334A /* RecordSoundsViewController.swift */,
				DCEB5D1B1F8981AE002B334A /* Main.storyboard */,
				DCEB5D1E1F8981AE002B334A /* Assets.xcassets */,
				DCEB5D201F8981AE002B334A /* LaunchScreen.storyboard */,
				DCEB5D231F8981AE002B334A /* Info.plist */,
				DCA6C00F1F8D97D90072CF71 /* PlaySoundsViewController.swift */,
				DC7A5BFA1F91433200D3E73E /* playsoundsviewcontroller-audio.swift */,
			);
			path = PitchPerfect;
			sourceTree = "<group>";
		};
/* End PBXGroup section */

/* Begin PBXNativeTarget section */
		DCEB5D131F8981AE002B334A /* PitchPerfect */ = {
			isa = PBXNativeTarget;
			buildConfigurationList = DCEB5D261F8981AE002B334A /* Build configuration list for PBXNativeTarget "PitchPerfect" */;
			buildPhases = (
				DCEB5D101F8981AE002B334A /* Sources */,
				DCEB5D111F8981AE002B334A /* Frameworks */,
				DCEB5D121F8981AE002B334A /* Resources */,
			);
			buildRules = (
			);
			dependencies = (
			);
			name = PitchPerfect;
			productName = PitchPerfect;
			productReference = DCEB5D141F8981AE002B334A /* PitchPerfect.app */;
			productType = "com.apple.product-type.application";
		};
/* End PBXNativeTarget section */

/* Begin PBXProject section */
		DCEB5D0C1F8981AE002B334A /* Project object */ = {
			isa = PBXProject;
			attributes = {
				LastSwiftUpdateCheck = 0900;
				LastUpgradeCheck = 0900;
				ORGANIZATIONNAME = " Felix Canaparro";
				TargetAttributes = {
					DCEB5D131F8981AE002B334A = {
						CreatedOnToolsVersion = 9.0;
						ProvisioningStyle = Automatic;
					};
				};
			};
			buildConfigurationList = DCEB5D0F1F8981AE002B334A /* Build configuration list for PBXProject "PitchPerfect" */;
			compatibilityVersion = "Xcode 8.0";
			developmentRegion = en;
			hasScannedForEncodings = 0;
			knownRegions = (
				en,
				Base,
			);
			mainGroup = DCEB5D0B1F8981AE002B334A;
			productRefGroup = DCEB5D151F8981AE002B334A /* Products */;
			projectDirPath = "";
			projectRoot = "";
			targets = (
				DCEB5D131F8981AE002B334A /* PitchPerfect */,
			);
		};
/* End PBXProject section */

/* Begin PBXResourcesBuildPhase section */
		DCEB5D121F8981AE002B334A /* Resources */ = {
			isa = PBXResourcesBuildPhase;
			buildActionMask = 2147483647;
			files = (
				DCEB5D221F8981AE002B334A /* LaunchScreen.storyboard in Resources */,
				DCEB5D1F1F8981AE002B334A /* Assets.xcassets in Resources */,
				DCEB5D1D1F8981AE002B334A /* Main.storyboard in Resources */,
			);
			runOnlyForDeploymentPostprocessing = 0;
		};
/* End PBXResourcesBuildPhase section */

/* Begin PBXSourcesBuildPhase section */
		DCEB5D101F8981AE002B334A /* Sources */ = {
			isa = PBXSourcesBuildPhase;
			buildActionMask = 2147483647;
			files = (
				DCEB5D1A1F8981AE002B334A /* RecordSoundsViewController.swift in Sources */,
				DCA6C0101F8D97D90072CF71 /* PlaySoundsViewController.swift in Sources */,
				DCEB5D181F8981AE002B334A /* AppDelegate.swift in Sources */,
				DC7A5BFB1F91433200D3E73E /* playsoundsviewcontroller-audio.swift in Sources */,
			);
			runOnlyForDeploymentPostprocessing = 0;
		};
/* End PBXSourcesBuildPhase section */

/* Begin PBXVariantGroup section */
		DCEB5D1B1F8981AE002B334A /* Main.storyboard */ = {
			isa = PBXVariantGroup;
			children = (
				DCEB5D1C1F8981AE002B334A /* Base */,
			);
			name = Main.storyboard;
			sourceTree = "<group>";
		};
		DCEB5D201F8981AE002B334A /* LaunchScreen.storyboard */ = {
			isa = PBXVariantGroup;
			children = (
				DCEB5D211F8981AE002B334A /* Base */,
			);
			name = LaunchScreen.storyboard;
			sourceTree = "<group>";
		};
/* End PBXVariantGroup section */

/* Begin XCBuildConfiguration section */
		DCEB5D241F8981AE002B334A /* Debug */ = {
			isa = XCBuildConfiguration;
			buildSettings = {
				ALWAYS_SEARCH_USER_PATHS = NO;
				CLANG_ANALYZER_NONNULL = YES;
				CLANG_ANALYZER_NUMBER_OBJECT_CONVERSION = YES_AGGRESSIVE;
				CLANG_CXX_LANGUAGE_STANDARD = "gnu++14";
				CLANG_CXX_LIBRARY = "libc++";
				CLANG_ENABLE_MODULES = YES;
				CLANG_ENABLE_OBJC_ARC = YES;
				CLANG_WARN_BLOCK_CAPTURE_AUTORELEASING = YES;
				CLANG_WARN_BOOL_CONVERSION = YES;
				CLANG_WARN_COMMA = YES;
				CLANG_WARN_CONSTANT_CONVERSION = YES;
				CLANG_WARN_DIRECT_OBJC_ISA_USAGE = YES_ERROR;
				CLANG_WARN_DOCUMENTATION_COMMENTS = YES;
				CLANG_WARN_EMPTY_BODY = YES;
				CLANG_WARN_ENUM_CONVERSION = YES;
				CLANG_WARN_INFINITE_RECURSION = YES;
				CLANG_WARN_INT_CONVERSION = YES;
				CLANG_WARN_NON_LITERAL_NULL_CONVERSION = YES;
				CLANG_WARN_OBJC_LITERAL_CONVERSION = YES;
				CLANG_WARN_OBJC_ROOT_CLASS = YES_ERROR;
				CLANG_WARN_RANGE_LOOP_ANALYSIS = YES;
				CLANG_WARN_STRICT_PROTOTYPES = YES;
				CLANG_WARN_SUSPICIOUS_MOVE = YES;
				CLANG_WARN_UNGUARDED_AVAILABILITY = YES_AGGRESSIVE;
				CLANG_WARN_UNREACHABLE_CODE = YES;
				CLANG_WARN__DUPLICATE_METHOD_MATCH = YES;
				CODE_SIGN_IDENTITY = "iPhone Developer";
				COPY_PHASE_STRIP = NO;
				DEBUG_INFORMATION_FORMAT = dwarf;
				ENABLE_STRICT_OBJC_MSGSEND = YES;
				ENABLE_TESTABILITY = YES;
				GCC_C_LANGUAGE_STANDARD = gnu11;
				GCC_DYNAMIC_NO_PIC = NO;
				GCC_NO_COMMON_BLOCKS = YES;
				GCC_OPTIMIZATION_LEVEL = 0;
				GCC_PREPROCESSOR_DEFINITIONS = (
					"DEBUG=1",
					"$(inherited)",
				);
				GCC_WARN_64_TO_32_BIT_CONVERSION = YES;
				GCC_WARN_ABOUT_RETURN_TYPE = YES_ERROR;
				GCC_WARN_UNDECLARED_SELECTOR = YES;
				GCC_WARN_UNINITIALIZED_AUTOS = YES_AGGRESSIVE;
				GCC_WARN_UNUSED_FUNCTION = YES;
				GCC_WARN_UNUSED_VARIABLE = YES;
				IPHONEOS_DEPLOYMENT_TARGET = 11.0;
				MTL_ENABLE_DEBUG_INFO = YES;
				ONLY_ACTIVE_ARCH = YES;
				SDKROOT = iphoneos;
				SWIFT_ACTIVE_COMPILATION_CONDITIONS = DEBUG;
				SWIFT_OPTIMIZATION_LEVEL = "-Onone";
			};
			name = Debug;
		};
		DCEB5D251F8981AE002B334A /* Release */ = {
			isa = XCBuildConfiguration;
			buildSettings = {
				ALWAYS_SEARCH_USER_PATHS = NO;
				CLANG_ANALYZER_NONNULL = YES;
				CLANG_ANALYZER_NUMBER_OBJECT_CONVERSION = YES_AGGRESSIVE;
				CLANG_CXX_LANGUAGE_STANDARD = "gnu++14";
				CLANG_CXX_LIBRARY = "libc++";
				CLANG_ENABLE_MODULES = YES;
				CLANG_ENABLE_OBJC_ARC = YES;
				CLANG_WARN_BLOCK_CAPTURE_AUTORELEASING = YES;
				CLANG_WARN_BOOL_CONVERSION = YES;
				CLANG_WARN_COMMA = YES;
				CLANG_WARN_CONSTANT_CONVERSION = YES;
				CLANG_WARN_DIRECT_OBJC_ISA_USAGE = YES_ERROR;
				CLANG_WARN_DOCUMENTATION_COMMENTS = YES;
				CLANG_WARN_EMPTY_BODY = YES;
				CLANG_WARN_ENUM_CONVERSION = YES;
				CLANG_WARN_INFINITE_RECURSION = YES;
				CLANG_WARN_INT_CONVERSION = YES;
				CLANG_WARN_NON_LITERAL_NULL_CONVERSION = YES;
				CLANG_WARN_OBJC_LITERAL_CONVERSION = YES;
				CLANG_WARN_OBJC_ROOT_CLASS = YES_ERROR;
				CLANG_WARN_RANGE_LOOP_ANALYSIS = YES;
				CLANG_WARN_STRICT_PROTOTYPES = YES;
				CLANG_WARN_SUSPICIOUS_MOVE = YES;
				CLANG_WARN_UNGUARDED_AVAILABILITY = YES_AGGRESSIVE;
				CLANG_WARN_UNREACHABLE_CODE = YES;
				CLANG_WARN__DUPLICATE_METHOD_MATCH = YES;
				CODE_SIGN_IDENTITY = "iPhone Developer";
				COPY_PHASE_STRIP = NO;
				DEBUG_INFORMATION_FORMAT = "dwarf-with-dsym";
				ENABLE_NS_ASSERTIONS = NO;
				ENABLE_STRICT_OBJC_MSGSEND = YES;
				GCC_C_LANGUAGE_STANDARD = gnu11;
				GCC_NO_COMMON_BLOCKS = YES;
				GCC_WARN_64_TO_32_BIT_CONVERSION = YES;
				GCC_WARN_ABOUT_RETURN_TYPE = YES_ERROR;
				GCC_WARN_UNDECLARED_SELECTOR = YES;
				GCC_WARN_UNINITIALIZED_AUTOS = YES_AGGRESSIVE;
				GCC_WARN_UNUSED_FUNCTION = YES;
				GCC_WARN_UNUSED_VARIABLE = YES;
				IPHONEOS_DEPLOYMENT_TARGET = 11.0;
				MTL_ENABLE_DEBUG_INFO = NO;
				SDKROOT = iphoneos;
				SWIFT_OPTIMIZATION_LEVEL = "-Owholemodule";
				VALIDATE_PRODUCT = YES;
			};
			name = Release;
		};
		DCEB5D271F8981AE002B334A /* Debug */ = {
			isa = XCBuildConfiguration;
			buildSettings = {
				ASSETCATALOG_COMPILER_APPICON_NAME = AppIcon;
				CODE_SIGN_STYLE = Automatic;
				INFOPLIST_FILE = PitchPerfect/Info.plist;
				LD_RUNPATH_SEARCH_PATHS = "$(inherited) @executable_path/Frameworks";
				PRODUCT_BUNDLE_IDENTIFIER = FelixCanaparro.PitchPerfect;
				PRODUCT_NAME = "$(TARGET_NAME)";
				SWIFT_VERSION = 4.0;
				TARGETED_DEVICE_FAMILY = "1,2";
			};
			name = Debug;
		};
		DCEB5D281F8981AE002B334A /* Release */ = {
			isa = XCBuildConfiguration;
			buildSettings = {
				ASSETCATALOG_COMPILER_APPICON_NAME = AppIcon;
				CODE_SIGN_STYLE = Automatic;
				INFOPLIST_FILE = PitchPerfect/Info.plist;
				LD_RUNPATH_SEARCH_PATHS = "$(inherited) @executable_path/Frameworks";
				PRODUCT_BUNDLE_IDENTIFIER = FelixCanaparro.PitchPerfect;
				PRODUCT_NAME = "$(TARGET_NAME)";
				SWIFT_VERSION = 4.0;
				TARGETED_DEVICE_FAMILY = "1,2";
			};
			name = Release;
		};
/* End XCBuildConfiguration section */

/* Begin XCConfigurationList section */
		DCEB5D0F1F8981AE002B334A /* Build configuration list for PBXProject "PitchPerfect" */ = {
			isa = XCConfigurationList;
			buildConfigurations = (
				DCEB5D241F8981AE002B334A /* Debug */,
				DCEB5D251F8981AE002B334A /* Release */,
			);
			defaultConfigurationIsVisible = 0;
			defaultConfigurationName = Release;
		};
		DCEB5D261F8981AE002B334A /* Build configuration list for PBXNativeTarget "PitchPerfect" */ = {
			isa = XCConfigurationList;
			buildConfigurations = (
				DCEB5D271F8981AE002B334A /* Debug */,
				DCEB5D281F8981AE002B334A /* Release */,
			);
			defaultConfigurationIsVisible = 0;
			defaultConfigurationName = Release;
		};
/* End XCConfigurationList section */
	};
	rootObject = DCEB5D0C1F8981AE002B334A /* Project object */;
}
